
Microsoft Visual Studio Solution File, Format Version 12.00
# Visual Studio Version 17
VisualStudioVersion = 17.5.33516.290
MinimumVisualStudioVersion = 10.0.40219.1
Project("{8BC9CEB8-8B4A-11D0-8D11-00A0C91BC942}") = "Do-While Example", "CSC-C-programming\CSC-C-programming.vcxproj", "{58BCBB5C-6744-4766-BF5D-382ED9E554A7}"
EndProject
Project("{8BC9CEB8-8B4A-11D0-8D11-00A0C91BC942}") = "F2C", "F2C\F2C.vcxproj", "{A715EF94-3A00-4EA2-9640-E6F7152A0D07}"
EndProject
Project("{8BC9CEB8-8B4A-11D0-8D11-00A0C91BC942}") = "switch", "switch\switch.vcxproj", "{425189AF-C756-4143-8510-D88475CBFDA3}"
EndProject
Project("{8BC9CEB8-8B4A-11D0-8D11-00A0C91BC942}") = "shellSort", "shellSort\shellSort.vcxproj", "{D84A723A-61CD-4947-951A-B503B563F895}"
EndProject
Project("{8BC9CEB8-8B4A-11D0-8D11-00A0C91BC942}") = "stringSearch", "stringSearch\stringSearch.vcxproj", "{760BCA87-2EB9-46C3-AEFC-61E768FB2FE4}"
EndProject
Project("{8BC9CEB8-8B4A-11D0-8D11-00A0C91BC942}") = "IOSolution", "IOSolution\IOSolution.vcxproj", "{B793CD8D-3951-4781-A144-F016B035E04A}"
EndProject
Project("{8BC9CEB8-8B4A-11D0-8D11-00A0C91BC942}") = "StructWithPtr", "StructWithPtr\StructWithPtr.vcxproj", "{264B05AD-F8F1-48EB-B784-0B3A45DD98F8}"
EndProject
Project("{8BC9CEB8-8B4A-11D0-8D11-00A0C91BC942}") = "FileCopy", "FileCopy\FileCopy.vcxproj", "{B7847A7D-3F51-4BA9-B0DC-8F752916FB5C}"
EndProject
Project("{8BC9CEB8-8B4A-11D0-8D11-00A0C91BC942}") = "Customer", "Customer\Customer.vcxproj", "{0A93353C-3663-41F0-9832-F031437C5DCA}"
EndProject
Project("{8BC9CEB8-8B4A-11D0-8D11-00A0C91BC942}") = "CustomerList", "CustomerList\CustomerList.vcxproj", "{F8E3E679-5E29-4B0E-A4DE-7A4053C021BA}"
EndProject
Project("{8BC9CEB8-8B4A-11D0-8D11-00A0C91BC942}") = "ShellsortUsingWhile", "ShellsortUsingWhile\ShellsortUsingWhile.vcxproj", "{F34C8E76-C78D-446A-A325-3358C772441E}"
EndProject
Project("{8BC9CEB8-8B4A-11D0-8D11-00A0C91BC942}") = "structExample", "structExample\structExample.vcxproj", "{356A4BDF-E2E4-4083-9E2D-5BFEEDD19988}"
EndProject
Project("{8BC9CEB8-8B4A-11D0-8D11-00A0C91BC942}") = "StructEx", "StructEx\StructEx.vcxproj", "{FDFE860E-D1B0-4F38-AD45-B50254CFB622}"
EndProject
Project("{8BC9CEB8-8B4A-11D0-8D11-00A0C91BC942}") = "MatrixMult", "MatrixMult\MatrixMult.vcxproj", "{62AEFC71-ABB6-4D73-B453-5004A5BAE0A1}"
EndProject
Project("{8BC9CEB8-8B4A-11D0-8D11-00A0C91BC942}") = "trim", "trim\trim.vcxproj", "{427A0D32-A508-4475-A93E-4A2DC0761C84}"
EndProject
Project("{8BC9CEB8-8B4A-11D0-8D11-00A0C91BC942}") = "malloc", "malloc\malloc.vcxproj", "{179F052B-9EBE-4C58-BEE7-8FCC87BE7917}"
EndProject
Project("{8BC9CEB8-8B4A-11D0-8D11-00A0C91BC942}") = "concat", "concat\concat.vcxproj", "{28208021-0318-4158-99CF-B6BD3809363E}"
EndProject
Project("{8BC9CEB8-8B4A-11D0-8D11-00A0C91BC942}") = "DataSize", "DataSize\DataSize.vcxproj", "{5793658B-0224-4093-978A-4BB483D564E1}"
EndProject
Project("{8BC9CEB8-8B4A-11D0-8D11-00A0C91BC942}") = "01-ErrorShow", "D:\Devl\c++\windows-via-c-cpp\src\01-ErrorShow\01-ErrorShow.vcxproj", "{1F169C3B-A907-402D-B2EF-C0BB21E90AF9}"
EndProject
Global
	GlobalSection(SolutionConfigurationPlatforms) = preSolution
		Debug|x64 = Debug|x64
		Debug|x86 = Debug|x86
		Release|x64 = Release|x64
		Release|x86 = Release|x86
	EndGlobalSection
	GlobalSection(ProjectConfigurationPlatforms) = postSolution
		{58BCBB5C-6744-4766-BF5D-382ED9E554A7}.Debug|x64.ActiveCfg = Debug|x64
		{58BCBB5C-6744-4766-BF5D-382ED9E554A7}.Debug|x64.Build.0 = Debug|x64
		{58BCBB5C-6744-4766-BF5D-382ED9E554A7}.Debug|x86.ActiveCfg = Debug|Win32
		{58BCBB5C-6744-4766-BF5D-382ED9E554A7}.Debug|x86.Build.0 = Debug|Win32
		{58BCBB5C-6744-4766-BF5D-382ED9E554A7}.Release|x64.ActiveCfg = Release|x64
		{58BCBB5C-6744-4766-BF5D-382ED9E554A7}.Release|x64.Build.0 = Release|x64
		{58BCBB5C-6744-4766-BF5D-382ED9E554A7}.Release|x86.ActiveCfg = Release|Win32
		{58BCBB5C-6744-4766-BF5D-382ED9E554A7}.Release|x86.Build.0 = Release|Win32
		{A715EF94-3A00-4EA2-9640-E6F7152A0D07}.Debug|x64.ActiveCfg = Debug|x64
		{A715EF94-3A00-4EA2-9640-E6F7152A0D07}.Debug|x64.Build.0 = Debug|x64
		{A715EF94-3A00-4EA2-9640-E6F7152A0D07}.Debug|x86.ActiveCfg = Debug|Win32
		{A715EF94-3A00-4EA2-9640-E6F7152A0D07}.Debug|x86.Build.0 = Debug|Win32
		{A715EF94-3A00-4EA2-9640-E6F7152A0D07}.Release|x64.ActiveCfg = Release|x64
		{A715EF94-3A00-4EA2-9640-E6F7152A0D07}.Release|x64.Build.0 = Release|x64
		{A715EF94-3A00-4EA2-9640-E6F7152A0D07}.Release|x86.ActiveCfg = Release|Win32
		{A715EF94-3A00-4EA2-9640-E6F7152A0D07}.Release|x86.Build.0 = Release|Win32
		{425189AF-C756-4143-8510-D88475CBFDA3}.Debug|x64.ActiveCfg = Debug|x64
		{425189AF-C756-4143-8510-D88475CBFDA3}.Debug|x64.Build.0 = Debug|x64
		{425189AF-C756-4143-8510-D88475CBFDA3}.Debug|x86.ActiveCfg = Debug|Win32
		{425189AF-C756-4143-8510-D88475CBFDA3}.Debug|x86.Build.0 = Debug|Win32
		{425189AF-C756-4143-8510-D88475CBFDA3}.Release|x64.ActiveCfg = Release|x64
		{425189AF-C756-4143-8510-D88475CBFDA3}.Release|x64.Build.0 = Release|x64
		{425189AF-C756-4143-8510-D88475CBFDA3}.Release|x86.ActiveCfg = Release|Win32
		{425189AF-C756-4143-8510-D88475CBFDA3}.Release|x86.Build.0 = Release|Win32
		{D84A723A-61CD-4947-951A-B503B563F895}.Debug|x64.ActiveCfg = Debug|x64
		{D84A723A-61CD-4947-951A-B503B563F895}.Debug|x64.Build.0 = Debug|x64
		{D84A723A-61CD-4947-951A-B503B563F895}.Debug|x86.ActiveCfg = Debug|Win32
		{D84A723A-61CD-4947-951A-B503B563F895}.Debug|x86.Build.0 = Debug|Win32
		{D84A723A-61CD-4947-951A-B503B563F895}.Release|x64.ActiveCfg = Release|x64
		{D84A723A-61CD-4947-951A-B503B563F895}.Release|x64.Build.0 = Release|x64
		{D84A723A-61CD-4947-951A-B503B563F895}.Release|x86.ActiveCfg = Release|Win32
		{D84A723A-61CD-4947-951A-B503B563F895}.Release|x86.Build.0 = Release|Win32
		{760BCA87-2EB9-46C3-AEFC-61E768FB2FE4}.Debug|x64.ActiveCfg = Debug|x64
		{760BCA87-2EB9-46C3-AEFC-61E768FB2FE4}.Debug|x64.Build.0 = Debug|x64
		{760BCA87-2EB9-46C3-AEFC-61E768FB2FE4}.Debug|x86.ActiveCfg = Debug|Win32
		{760BCA87-2EB9-46C3-AEFC-61E768FB2FE4}.Debug|x86.Build.0 = Debug|Win32
		{760BCA87-2EB9-46C3-AEFC-61E768FB2FE4}.Release|x64.ActiveCfg = Release|x64
		{760BCA87-2EB9-46C3-AEFC-61E768FB2FE4}.Release|x64.Build.0 = Release|x64
		{760BCA87-2EB9-46C3-AEFC-61E768FB2FE4}.Release|x86.ActiveCfg = Release|Win32
		{760BCA87-2EB9-46C3-AEFC-61E768FB2FE4}.Release|x86.Build.0 = Release|Win32
		{B793CD8D-3951-4781-A144-F016B035E04A}.Debug|x64.ActiveCfg = Debug|x64
		{B793CD8D-3951-4781-A144-F016B035E04A}.Debug|x64.Build.0 = Debug|x64
		{B793CD8D-3951-4781-A144-F016B035E04A}.Debug|x86.ActiveCfg = Debug|Win32
		{B793CD8D-3951-4781-A144-F016B035E04A}.Debug|x86.Build.0 = Debug|Win32
		{B793CD8D-3951-4781-A144-F016B035E04A}.Release|x64.ActiveCfg = Release|x64
		{B793CD8D-3951-4781-A144-F016B035E04A}.Release|x64.Build.0 = Release|x64
		{B793CD8D-3951-4781-A144-F016B035E04A}.Release|x86.ActiveCfg = Release|Win32
		{B793CD8D-3951-4781-A144-F016B035E04A}.Release|x86.Build.0 = Release|Win32
		{264B05AD-F8F1-48EB-B784-0B3A45DD98F8}.Debug|x64.ActiveCfg = Debug|x64
		{264B05AD-F8F1-48EB-B784-0B3A45DD98F8}.Debug|x64.Build.0 = Debug|x64
		{264B05AD-F8F1-48EB-B784-0B3A45DD98F8}.Debug|x86.ActiveCfg = Debug|Win32
		{264B05AD-F8F1-48EB-B784-0B3A45DD98F8}.Debug|x86.Build.0 = Debug|Win32
		{264B05AD-F8F1-48EB-B784-0B3A45DD98F8}.Release|x64.ActiveCfg = Release|x64
		{264B05AD-F8F1-48EB-B784-0B3A45DD98F8}.Release|x64.Build.0 = Release|x64
		{264B05AD-F8F1-48EB-B784-0B3A45DD98F8}.Release|x86.ActiveCfg = Release|Win32
		{264B05AD-F8F1-48EB-B784-0B3A45DD98F8}.Release|x86.Build.0 = Release|Win32
		{B7847A7D-3F51-4BA9-B0DC-8F752916FB5C}.Debug|x64.ActiveCfg = Debug|x64
		{B7847A7D-3F51-4BA9-B0DC-8F752916FB5C}.Debug|x64.Build.0 = Debug|x64
		{B7847A7D-3F51-4BA9-B0DC-8F752916FB5C}.Debug|x86.ActiveCfg = Debug|Win32
		{B7847A7D-3F51-4BA9-B0DC-8F752916FB5C}.Debug|x86.Build.0 = Debug|Win32
		{B7847A7D-3F51-4BA9-B0DC-8F752916FB5C}.Release|x64.ActiveCfg = Release|x64
		{B7847A7D-3F51-4BA9-B0DC-8F752916FB5C}.Release|x64.Build.0 = Release|x64
		{B7847A7D-3F51-4BA9-B0DC-8F752916FB5C}.Release|x86.ActiveCfg = Release|Win32
		{B7847A7D-3F51-4BA9-B0DC-8F752916FB5C}.Release|x86.Build.0 = Release|Win32
		{0A93353C-3663-41F0-9832-F031437C5DCA}.Debug|x64.ActiveCfg = Debug|x64
		{0A93353C-3663-41F0-9832-F031437C5DCA}.Debug|x64.Build.0 = Debug|x64
		{0A93353C-3663-41F0-9832-F031437C5DCA}.Debug|x86.ActiveCfg = Debug|Win32
		{0A93353C-3663-41F0-9832-F031437C5DCA}.Debug|x86.Build.0 = Debug|Win32
		{0A93353C-3663-41F0-9832-F031437C5DCA}.Release|x64.ActiveCfg = Release|x64
		{0A93353C-3663-41F0-9832-F031437C5DCA}.Release|x64.Build.0 = Release|x64
		{0A93353C-3663-41F0-9832-F031437C5DCA}.Release|x86.ActiveCfg = Release|Win32
		{0A93353C-3663-41F0-9832-F031437C5DCA}.Release|x86.Build.0 = Release|Win32
		{F8E3E679-5E29-4B0E-A4DE-7A4053C021BA}.Debug|x64.ActiveCfg = Debug|x64
		{F8E3E679-5E29-4B0E-A4DE-7A4053C021BA}.Debug|x64.Build.0 = Debug|x64
		{F8E3E679-5E29-4B0E-A4DE-7A4053C021BA}.Debug|x86.ActiveCfg = Debug|Win32
		{F8E3E679-5E29-4B0E-A4DE-7A4053C021BA}.Debug|x86.Build.0 = Debug|Win32
		{F8E3E679-5E29-4B0E-A4DE-7A4053C021BA}.Release|x64.ActiveCfg = Release|x64
		{F8E3E679-5E29-4B0E-A4DE-7A4053C021BA}.Release|x64.Build.0 = Release|x64
		{F8E3E679-5E29-4B0E-A4DE-7A4053C021BA}.Release|x86.ActiveCfg = Release|Win32
		{F8E3E679-5E29-4B0E-A4DE-7A4053C021BA}.Release|x86.Build.0 = Release|Win32
		{F34C8E76-C78D-446A-A325-3358C772441E}.Debug|x64.ActiveCfg = Debug|x64
		{F34C8E76-C78D-446A-A325-3358C772441E}.Debug|x64.Build.0 = Debug|x64
		{F34C8E76-C78D-446A-A325-3358C772441E}.Debug|x86.ActiveCfg = Debug|Win32
		{F34C8E76-C78D-446A-A325-3358C772441E}.Debug|x86.Build.0 = Debug|Win32
		{F34C8E76-C78D-446A-A325-3358C772441E}.Release|x64.ActiveCfg = Release|x64
		{F34C8E76-C78D-446A-A325-3358C772441E}.Release|x64.Build.0 = Release|x64
		{F34C8E76-C78D-446A-A325-3358C772441E}.Release|x86.ActiveCfg = Release|Win32
		{F34C8E76-C78D-446A-A325-3358C772441E}.Release|x86.Build.0 = Release|Win32
		{356A4BDF-E2E4-4083-9E2D-5BFEEDD19988}.Debug|x64.ActiveCfg = Debug|x64
		{356A4BDF-E2E4-4083-9E2D-5BFEEDD19988}.Debug|x64.Build.0 = Debug|x64
		{356A4BDF-E2E4-4083-9E2D-5BFEEDD19988}.Debug|x86.ActiveCfg = Debug|Win32
		{356A4BDF-E2E4-4083-9E2D-5BFEEDD19988}.Debug|x86.Build.0 = Debug|Win32
		{356A4BDF-E2E4-4083-9E2D-5BFEEDD19988}.Release|x64.ActiveCfg = Release|x64
		{356A4BDF-E2E4-4083-9E2D-5BFEEDD19988}.Release|x64.Build.0 = Release|x64
		{356A4BDF-E2E4-4083-9E2D-5BFEEDD19988}.Release|x86.ActiveCfg = Release|Win32
		{356A4BDF-E2E4-4083-9E2D-5BFEEDD19988}.Release|x86.Build.0 = Release|Win32
		{FDFE860E-D1B0-4F38-AD45-B50254CFB622}.Debug|x64.ActiveCfg = Debug|x64
		{FDFE860E-D1B0-4F38-AD45-B50254CFB622}.Debug|x64.Build.0 = Debug|x64
		{FDFE860E-D1B0-4F38-AD45-B50254CFB622}.Debug|x86.ActiveCfg = Debug|Win32
		{FDFE860E-D1B0-4F38-AD45-B50254CFB622}.Debug|x86.Build.0 = Debug|Win32
		{FDFE860E-D1B0-4F38-AD45-B50254CFB622}.Release|x64.ActiveCfg = Release|x64
		{FDFE860E-D1B0-4F38-AD45-B50254CFB622}.Release|x64.Build.0 = Release|x64
		{FDFE860E-D1B0-4F38-AD45-B50254CFB622}.Release|x86.ActiveCfg = Release|Win32
		{FDFE860E-D1B0-4F38-AD45-B50254CFB622}.Release|x86.Build.0 = Release|Win32
		{62AEFC71-ABB6-4D73-B453-5004A5BAE0A1}.Debug|x64.ActiveCfg = Debug|x64
		{62AEFC71-ABB6-4D73-B453-5004A5BAE0A1}.Debug|x64.Build.0 = Debug|x64
		{62AEFC71-ABB6-4D73-B453-5004A5BAE0A1}.Debug|x86.ActiveCfg = Debug|Win32
		{62AEFC71-ABB6-4D73-B453-5004A5BAE0A1}.Debug|x86.Build.0 = Debug|Win32
		{62AEFC71-ABB6-4D73-B453-5004A5BAE0A1}.Release|x64.ActiveCfg = Release|x64
		{62AEFC71-ABB6-4D73-B453-5004A5BAE0A1}.Release|x64.Build.0 = Release|x64
		{62AEFC71-ABB6-4D73-B453-5004A5BAE0A1}.Release|x86.ActiveCfg = Release|Win32
		{62AEFC71-ABB6-4D73-B453-5004A5BAE0A1}.Release|x86.Build.0 = Release|Win32
		{427A0D32-A508-4475-A93E-4A2DC0761C84}.Debug|x64.ActiveCfg = Debug|x64
		{427A0D32-A508-4475-A93E-4A2DC0761C84}.Debug|x64.Build.0 = Debug|x64
		{427A0D32-A508-4475-A93E-4A2DC0761C84}.Debug|x86.ActiveCfg = Debug|Win32
		{427A0D32-A508-4475-A93E-4A2DC0761C84}.Debug|x86.Build.0 = Debug|Win32
		{427A0D32-A508-4475-A93E-4A2DC0761C84}.Release|x64.ActiveCfg = Release|x64
		{427A0D32-A508-4475-A93E-4A2DC0761C84}.Release|x64.Build.0 = Release|x64
		{427A0D32-A508-4475-A93E-4A2DC0761C84}.Release|x86.ActiveCfg = Release|Win32
		{427A0D32-A508-4475-A93E-4A2DC0761C84}.Release|x86.Build.0 = Release|Win32
		{179F052B-9EBE-4C58-BEE7-8FCC87BE7917}.Debug|x64.ActiveCfg = Debug|x64
		{179F052B-9EBE-4C58-BEE7-8FCC87BE7917}.Debug|x64.Build.0 = Debug|x64
		{179F052B-9EBE-4C58-BEE7-8FCC87BE7917}.Debug|x86.ActiveCfg = Debug|Win32
		{179F052B-9EBE-4C58-BEE7-8FCC87BE7917}.Debug|x86.Build.0 = Debug|Win32
		{179F052B-9EBE-4C58-BEE7-8FCC87BE7917}.Release|x64.ActiveCfg = Release|x64
		{179F052B-9EBE-4C58-BEE7-8FCC87BE7917}.Release|x64.Build.0 = Release|x64
		{179F052B-9EBE-4C58-BEE7-8FCC87BE7917}.Release|x86.ActiveCfg = Release|Win32
		{179F052B-9EBE-4C58-BEE7-8FCC87BE7917}.Release|x86.Build.0 = Release|Win32
		{28208021-0318-4158-99CF-B6BD3809363E}.Debug|x64.ActiveCfg = Debug|x64
		{28208021-0318-4158-99CF-B6BD3809363E}.Debug|x64.Build.0 = Debug|x64
		{28208021-0318-4158-99CF-B6BD3809363E}.Debug|x86.ActiveCfg = Debug|Win32
		{28208021-0318-4158-99CF-B6BD3809363E}.Debug|x86.Build.0 = Debug|Win32
		{28208021-0318-4158-99CF-B6BD3809363E}.Release|x64.ActiveCfg = Release|x64
		{28208021-0318-4158-99CF-B6BD3809363E}.Release|x64.Build.0 = Release|x64
		{28208021-0318-4158-99CF-B6BD3809363E}.Release|x86.ActiveCfg = Release|Win32
		{28208021-0318-4158-99CF-B6BD3809363E}.Release|x86.Build.0 = Release|Win32
		{5793658B-0224-4093-978A-4BB483D564E1}.Debug|x64.ActiveCfg = Debug|x64
		{5793658B-0224-4093-978A-4BB483D564E1}.Debug|x64.Build.0 = Debug|x64
		{5793658B-0224-4093-978A-4BB483D564E1}.Debug|x86.ActiveCfg = Debug|Win32
		{5793658B-0224-4093-978A-4BB483D564E1}.Debug|x86.Build.0 = Debug|Win32
		{5793658B-0224-4093-978A-4BB483D564E1}.Release|x64.ActiveCfg = Release|x64
		{5793658B-0224-4093-978A-4BB483D564E1}.Release|x64.Build.0 = Release|x64
		{5793658B-0224-4093-978A-4BB483D564E1}.Release|x86.ActiveCfg = Release|Win32
		{5793658B-0224-4093-978A-4BB483D564E1}.Release|x86.Build.0 = Release|Win32
		{1F169C3B-A907-402D-B2EF-C0BB21E90AF9}.Debug|x64.ActiveCfg = Debug|x64
		{1F169C3B-A907-402D-B2EF-C0BB21E90AF9}.Debug|x64.Build.0 = Debug|x64
		{1F169C3B-A907-402D-B2EF-C0BB21E90AF9}.Debug|x86.ActiveCfg = Debug|Win32
		{1F169C3B-A907-402D-B2EF-C0BB21E90AF9}.Debug|x86.Build.0 = Debug|Win32
		{1F169C3B-A907-402D-B2EF-C0BB21E90AF9}.Release|x64.ActiveCfg = Release|x64
		{1F169C3B-A907-402D-B2EF-C0BB21E90AF9}.Release|x64.Build.0 = Release|x64
		{1F169C3B-A907-402D-B2EF-C0BB21E90AF9}.Release|x86.ActiveCfg = Release|Win32
		{1F169C3B-A907-402D-B2EF-C0BB21E90AF9}.Release|x86.Build.0 = Release|Win32
	EndGlobalSection
	GlobalSection(SolutionProperties) = preSolution
		HideSolutionNode = FALSE
	EndGlobalSection
	GlobalSection(ExtensibilityGlobals) = postSolution
		SolutionGuid = {E219C4ED-CB8D-4DD7-80D2-A32075F6FBA3}
	EndGlobalSection
EndGlobal
